
Microsoft Visual Studio Solution File, Format Version 12.00
# Visual Studio 15
VisualStudioVersion = 15.0.27130.2027
MinimumVisualStudioVersion = 10.0.40219.1
Project("{FAE04EC0-301F-11D3-BF4B-00C04F79EFBC}") = "Lab1", "Lab1\Lab1.csproj", "{B8D1A0AA-B734-42DB-AF47-41173519B340}"
EndProject
Global
	GlobalSection(SolutionConfigurationPlatforms) = preSolution
		Debug|Any CPU = Debug|Any CPU
		Release|Any CPU = Release|Any CPU
	EndGlobalSection
	GlobalSection(ProjectConfigurationPlatforms) = postSolution
		{B8D1A0AA-B734-42DB-AF47-41173519B340}.Debug|Any CPU.ActiveCfg = Debug|Any CPU
		{B8D1A0AA-B734-42DB-AF47-41173519B340}.Debug|Any CPU.Build.0 = Debug|Any CPU
		{B8D1A0AA-B734-42DB-AF47-41173519B340}.Release|Any CPU.ActiveCfg = Release|Any CPU
		{B8D1A0AA-B734-42DB-AF47-41173519B340}.Release|Any CPU.Build.0 = Release|Any CPU
	EndGlobalSection
	GlobalSection(SolutionProperties) = preSolution
		HideSolutionNode = FALSE
	EndGlobalSection
	GlobalSection(ExtensibilityGlobals) = postSolution
		SolutionGuid = {637219F0-9570-4214-A839-5F8EC27BC0A2}
	EndGlobalSection
EndGlobal
